{
  "name": "@workspace/react-app",
  "version": "0.1.0",
  "lockfileVersion": 3,
  "requires": true,
  "packages": {
    "": {
      "name": "@workspace/react-app",
      "version": "0.1.0",
      "dependencies": {
        "react": "^18.2.0",
        "react-dom": "^18.2.0",
        "react-router": "^6.8.1",
        "react-router-dom": "^6.8.1"
      },
      "devDependencies": {
        "@types/node": "^18.14.0",
        "@types/react": "^18.0.28",
        "@types/react-dom": "^18.0.11",
        "@vitejs/plugin-react-swc": "^3.2.0",
        "unocss": "^0.50.0"
      }
    },
    "../../node_modules/.pnpm/@types+react-dom@18.0.11/node_modules/@types/react-dom": {
      "version": "18.0.11",
      "dev": true,
      "license": "MIT",
      "dependencies": {
        "@types/react": "*"
      }
    },
    "../../node_modules/.pnpm/@types+react@18.0.28/node_modules/@types/react": {
      "version": "18.0.28",
      "dev": true,
      "license": "MIT",
      "dependencies": {
        "@types/prop-types": "*",
        "@types/scheduler": "*",
        "csstype": "^3.0.2"
      }
    },
    "../../node_modules/.pnpm/@vitejs+plugin-react-swc@3.2.0_vite@4.1.4/node_modules/@vitejs/plugin-react-swc": {
      "version": "3.2.0",
      "dev": true,
      "license": "MIT",
      "dependencies": {
        "@swc/core": "^1.3.35"
      },
      "peerDependencies": {
        "vite": "^4"
      }
    },
    "../../node_modules/.pnpm/react-dom@18.2.0_react@18.2.0/node_modules/react-dom": {
      "version": "18.2.0",
      "license": "MIT",
      "dependencies": {
        "loose-envify": "^1.1.0",
        "scheduler": "^0.23.0"
      },
      "peerDependencies": {
        "react": "^18.2.0"
      }
    },
    "../../node_modules/.pnpm/react-router-dom@6.8.1_biqbaboplfbrettd7655fr4n2y/node_modules/react-router-dom": {
      "version": "6.8.1",
      "license": "MIT",
      "dependencies": {
        "@remix-run/router": "1.3.2",
        "react-router": "6.8.1"
      },
      "devDependencies": {
        "react": "^18.2.0",
        "react-dom": "^18.2.0"
      },
      "engines": {
        "node": ">=14"
      },
      "peerDependencies": {
        "react": ">=16.8",
        "react-dom": ">=16.8"
      }
    },
    "../../node_modules/.pnpm/react-router@6.8.1_react@18.2.0/node_modules/react-router": {
      "version": "6.8.1",
      "license": "MIT",
      "dependencies": {
        "@remix-run/router": "1.3.2"
      },
      "devDependencies": {
        "react": "^18.2.0"
      },
      "engines": {
        "node": ">=14"
      },
      "peerDependencies": {
        "react": ">=16.8"
      }
    },
    "../../node_modules/.pnpm/react@18.2.0/node_modules/react": {
      "version": "18.2.0",
      "license": "MIT",
      "dependencies": {
        "loose-envify": "^1.1.0"
      },
      "engines": {
        "node": ">=0.10.0"
      }
    },
    "../../node_modules/.pnpm/unocss@0.50.0_vite@4.1.4/node_modules/unocss": {
      "version": "0.50.0",
      "dev": true,
      "license": "MIT",
      "dependencies": {
        "@unocss/astro": "0.50.0",
        "@unocss/cli": "0.50.0",
        "@unocss/core": "0.50.0",
        "@unocss/preset-attributify": "0.50.0",
        "@unocss/preset-icons": "0.50.0",
        "@unocss/preset-mini": "0.50.0",
        "@unocss/preset-tagify": "0.50.0",
        "@unocss/preset-typography": "0.50.0",
        "@unocss/preset-uno": "0.50.0",
        "@unocss/preset-web-fonts": "0.50.0",
        "@unocss/preset-wind": "0.50.0",
        "@unocss/reset": "0.50.0",
        "@unocss/transformer-attributify-jsx": "0.50.0",
        "@unocss/transformer-compile-class": "0.50.0",
        "@unocss/transformer-directives": "0.50.0",
        "@unocss/transformer-variant-group": "0.50.0",
        "@unocss/vite": "0.50.0"
      },
      "devDependencies": {
        "@unocss/webpack": "0.50.0"
      },
      "engines": {
        "node": ">=14"
      },
      "funding": {
        "url": "https://github.com/sponsors/antfu"
      },
      "peerDependencies": {
        "@unocss/webpack": "0.50.0"
      },
      "peerDependenciesMeta": {
        "@unocss/webpack": {
          "optional": true
        }
      }
    },
    "node_modules/@types/node": {
      "version": "18.14.0",
      "resolved": "https://registry.npmjs.org/@types/node/-/node-18.14.0.tgz",
      "integrity": "sha512-5EWrvLmglK+imbCJY0+INViFWUHg1AHel1sq4ZVSfdcNqGy9Edv3UB9IIzzg+xPaUcAgZYcfVs2fBcwDeZzU0A==",
      "dev": true
    },
    "node_modules/@types/react": {
      "resolved": "../../node_modules/.pnpm/@types+react@18.0.28/node_modules/@types/react",
      "link": true
    },
    "node_modules/@types/react-dom": {
      "resolved": "../../node_modules/.pnpm/@types+react-dom@18.0.11/node_modules/@types/react-dom",
      "link": true
    },
    "node_modules/@vitejs/plugin-react-swc": {
      "resolved": "../../node_modules/.pnpm/@vitejs+plugin-react-swc@3.2.0_vite@4.1.4/node_modules/@vitejs/plugin-react-swc",
      "link": true
    },
    "node_modules/react": {
      "resolved": "../../node_modules/.pnpm/react@18.2.0/node_modules/react",
      "link": true
    },
    "node_modules/react-dom": {
      "resolved": "../../node_modules/.pnpm/react-dom@18.2.0_react@18.2.0/node_modules/react-dom",
      "link": true
    },
    "node_modules/react-router": {
      "resolved": "../../node_modules/.pnpm/react-router@6.8.1_react@18.2.0/node_modules/react-router",
      "link": true
    },
    "node_modules/react-router-dom": {
      "resolved": "../../node_modules/.pnpm/react-router-dom@6.8.1_biqbaboplfbrettd7655fr4n2y/node_modules/react-router-dom",
      "link": true
    },
    "node_modules/unocss": {
      "resolved": "../../node_modules/.pnpm/unocss@0.50.0_vite@4.1.4/node_modules/unocss",
      "link": true
    }
  }
}
